
Microsoft Visual Studio Solution File, Format Version 12.00
# Visual Studio 14
VisualStudioVersion = 14.0.23107.0
MinimumVisualStudioVersion = 10.0.40219.1
Project("{FAE04EC0-301F-11D3-BF4B-00C04F79EFBC}") = "WebBrowser", "WebBrowser\WebBrowser.csproj", "{6665602E-311A-4E6E-A342-0ABFB3DBCAD1}"
EndProject
Project("{FAE04EC0-301F-11D3-BF4B-00C04F79EFBC}") = "APITest", "APITest\APITest.csproj", "{BF56DB2F-820B-4DBC-8E30-375006AF3BE6}"
EndProject
Project("{FAE04EC0-301F-11D3-BF4B-00C04F79EFBC}") = "HtmltoXaml", "HtmltoXaml\HtmltoXaml.csproj", "{D2BA9E33-D32F-4471-B675-FF87A2EBEA77}"
EndProject
Project("{FAE04EC0-301F-11D3-BF4B-00C04F79EFBC}") = "HTTP", "HTTP\HTTP.csproj", "{2DD5F0C1-C72C-4C68-B971-52D693E98475}"
EndProject
Global
	GlobalSection(SolutionConfigurationPlatforms) = preSolution
		Debug|Any CPU = Debug|Any CPU
		Release|Any CPU = Release|Any CPU
	EndGlobalSection
	GlobalSection(ProjectConfigurationPlatforms) = postSolution
		{6665602E-311A-4E6E-A342-0ABFB3DBCAD1}.Debug|Any CPU.ActiveCfg = Debug|Any CPU
		{6665602E-311A-4E6E-A342-0ABFB3DBCAD1}.Debug|Any CPU.Build.0 = Debug|Any CPU
		{6665602E-311A-4E6E-A342-0ABFB3DBCAD1}.Release|Any CPU.ActiveCfg = Release|Any CPU
		{6665602E-311A-4E6E-A342-0ABFB3DBCAD1}.Release|Any CPU.Build.0 = Release|Any CPU
		{BF56DB2F-820B-4DBC-8E30-375006AF3BE6}.Debug|Any CPU.ActiveCfg = Debug|Any CPU
		{BF56DB2F-820B-4DBC-8E30-375006AF3BE6}.Debug|Any CPU.Build.0 = Debug|Any CPU
		{BF56DB2F-820B-4DBC-8E30-375006AF3BE6}.Release|Any CPU.ActiveCfg = Release|Any CPU
		{BF56DB2F-820B-4DBC-8E30-375006AF3BE6}.Release|Any CPU.Build.0 = Release|Any CPU
		{D2BA9E33-D32F-4471-B675-FF87A2EBEA77}.Debug|Any CPU.ActiveCfg = Debug|Any CPU
		{D2BA9E33-D32F-4471-B675-FF87A2EBEA77}.Debug|Any CPU.Build.0 = Debug|Any CPU
		{D2BA9E33-D32F-4471-B675-FF87A2EBEA77}.Release|Any CPU.ActiveCfg = Release|Any CPU
		{D2BA9E33-D32F-4471-B675-FF87A2EBEA77}.Release|Any CPU.Build.0 = Release|Any CPU
		{2DD5F0C1-C72C-4C68-B971-52D693E98475}.Debug|Any CPU.ActiveCfg = Debug|Any CPU
		{2DD5F0C1-C72C-4C68-B971-52D693E98475}.Debug|Any CPU.Build.0 = Debug|Any CPU
		{2DD5F0C1-C72C-4C68-B971-52D693E98475}.Release|Any CPU.ActiveCfg = Release|Any CPU
		{2DD5F0C1-C72C-4C68-B971-52D693E98475}.Release|Any CPU.Build.0 = Release|Any CPU
	EndGlobalSection
	GlobalSection(SolutionProperties) = preSolution
		HideSolutionNode = FALSE
	EndGlobalSection
EndGlobal
